
Microsoft Visual Studio Solution File, Format Version 12.00
# Visual Studio 15
VisualStudioVersion = 15.0.26730.16
MinimumVisualStudioVersion = 10.0.40219.1
Project("{8BC9CEB8-8B4A-11D0-8D11-00A0C91BC942}") = "AndroDunos", "AndroDunos\AndroDunos.vcxproj", "{F0686CAE-A0EC-4B70-A9E0-A9C03F4BD541}"
EndProject
Global
	GlobalSection(SolutionConfigurationPlatforms) = preSolution
		Debug|x64 = Debug|x64
		Debug|x86 = Debug|x86
		Release|x64 = Release|x64
		Release|x86 = Release|x86
	EndGlobalSection
	GlobalSection(ProjectConfigurationPlatforms) = postSolution
		{F0686CAE-A0EC-4B70-A9E0-A9C03F4BD541}.Debug|x64.ActiveCfg = Debug|x64
		{F0686CAE-A0EC-4B70-A9E0-A9C03F4BD541}.Debug|x64.Build.0 = Debug|x64
		{F0686CAE-A0EC-4B70-A9E0-A9C03F4BD541}.Debug|x86.ActiveCfg = Debug|Win32
		{F0686CAE-A0EC-4B70-A9E0-A9C03F4BD541}.Debug|x86.Build.0 = Debug|Win32
		{F0686CAE-A0EC-4B70-A9E0-A9C03F4BD541}.Release|x64.ActiveCfg = Release|x64
		{F0686CAE-A0EC-4B70-A9E0-A9C03F4BD541}.Release|x64.Build.0 = Release|x64
		{F0686CAE-A0EC-4B70-A9E0-A9C03F4BD541}.Release|x86.ActiveCfg = Release|Win32
		{F0686CAE-A0EC-4B70-A9E0-A9C03F4BD541}.Release|x86.Build.0 = Release|Win32
	EndGlobalSection
	GlobalSection(SolutionProperties) = preSolution
		HideSolutionNode = FALSE
	EndGlobalSection
	GlobalSection(ExtensibilityGlobals) = postSolution
		SolutionGuid = {C442E785-3393-4DE0-A421-D47BBB6411A3}
	EndGlobalSection
EndGlobal
