<?xml version="1.0" encoding="utf-8"?>
<Project ToolsVersion="4.0" xmlns="http://schemas.microsoft.com/developer/msbuild/2003">
  <ItemGroup>
    <Filter Include="Containers">
      <UniqueIdentifier>{c3339dda-35a7-494e-9e47-f246e1a5d955}</UniqueIdentifier>
    </Filter>
    <Filter Include="Core">
      <UniqueIdentifier>{a0fa7062-56c4-4658-81af-e8c710c0df91}</UniqueIdentifier>
    </Filter>
    <Filter Include="Modules">
      <UniqueIdentifier>{ee147f3d-38dd-48d5-84f1-174b20b15847}</UniqueIdentifier>
    </Filter>
    <Filter Include="Modules\Enemies">
      <UniqueIdentifier>{8eaf44d2-f09b-4f35-9048-6646bf4855eb}</UniqueIdentifier>
    </Filter>
    <Filter Include="Modules\PowerUps">
      <UniqueIdentifier>{9bf6c605-4ec4-4624-b3c1-bfde3bcbc4a1}</UniqueIdentifier>
    </Filter>
    <Filter Include="Modules\Players">
      <UniqueIdentifier>{f0579c51-f634-4943-8544-d90bfb1f0e7a}</UniqueIdentifier>
    </Filter>
    <Filter Include="Modules\AfterplayScreen">
      <UniqueIdentifier>{34e2f3ba-6921-4c0b-9f6f-6917fd35f5c7}</UniqueIdentifier>
    </Filter>
  </ItemGroup>
  <ItemGroup>
    <ClInclude Include="..\Animation.h">
      <Filter>Containers</Filter>
    </ClInclude>
    <ClInclude Include="..\p2Point.h">
      <Filter>Containers</Filter>
    </ClInclude>
    <ClInclude Include="..\Path.h">
      <Filter>Containers</Filter>
    </ClInclude>
    <ClInclude Include="..\Application.h">
      <Filter>Core</Filter>
    </ClInclude>
    <ClInclude Include="..\Globals.h">
      <Filter>Core</Filter>
    </ClInclude>
    <ClInclude Include="..\MemLeaks.h">
      <Filter>Core</Filter>
    </ClInclude>
    <ClInclude Include="..\Enemy.h">
      <Filter>Modules\Enemies</Filter>
    </ClInclude>
    <ClInclude Include="..\Enemy_ShipUpDown.h">
      <Filter>Modules\Enemies</Filter>
    </ClInclude>
    <ClInclude Include="..\Enemy_WhiteShip.h">
      <Filter>Modules\Enemies</Filter>
    </ClInclude>
    <ClInclude Include="..\Module.h">
      <Filter>Modules</Filter>
    </ClInclude>
    <ClInclude Include="..\ModuleAudio.h">
      <Filter>Modules</Filter>
    </ClInclude>
    <ClInclude Include="..\ModuleCollision.h">
      <Filter>Modules</Filter>
    </ClInclude>
    <ClInclude Include="..\ModuleEnemies.h">
      <Filter>Modules</Filter>
    </ClInclude>
    <ClInclude Include="..\ModuleFadeToBlack.h">
      <Filter>Modules</Filter>
    </ClInclude>
    <ClInclude Include="..\ModuleFonts.h">
      <Filter>Modules</Filter>
    </ClInclude>
    <ClInclude Include="..\ModuleInput.h">
      <Filter>Modules</Filter>
    </ClInclude>
    <ClInclude Include="..\ModuleParticles.h">
      <Filter>Modules</Filter>
    </ClInclude>
    <ClInclude Include="..\ModuleRender.h">
      <Filter>Modules</Filter>
    </ClInclude>
    <ClInclude Include="..\ModuleSceneIntro.h">
      <Filter>Modules</Filter>
    </ClInclude>
    <ClInclude Include="..\ModuleSceneSpace.h">
      <Filter>Modules</Filter>
    </ClInclude>
    <ClInclude Include="..\ModuleTextures.h">
      <Filter>Modules</Filter>
    </ClInclude>
    <ClInclude Include="..\ModuleWindow.h">
      <Filter>Modules</Filter>
    </ClInclude>
    <ClInclude Include="..\ModulePowerUps.h">
      <Filter>Modules</Filter>
    </ClInclude>
    <ClInclude Include="..\PowerUp.h">
      <Filter>Modules\PowerUps</Filter>
    </ClInclude>
    <ClInclude Include="..\ShipPowerUp.h">
      <Filter>Modules\PowerUps</Filter>
    </ClInclude>
    <ClInclude Include="..\PowerUpRed.h">
      <Filter>Modules\PowerUps</Filter>
    </ClInclude>
    <ClInclude Include="..\ModulePlayer.h">
      <Filter>Modules\Players</Filter>
    </ClInclude>
    <ClInclude Include="..\ModulePlayer2.h">
      <Filter>Modules\Players</Filter>
    </ClInclude>
    <ClInclude Include="..\Gameover.h">
      <Filter>Modules\AfterplayScreen</Filter>
    </ClInclude>
    <ClInclude Include="..\Stageclear.h">
      <Filter>Modules\AfterplayScreen</Filter>
    </ClInclude>
    <ClInclude Include="..\Enemy_StraightOnShip.h">
      <Filter>Modules\Enemies</Filter>
    </ClInclude>
    <ClInclude Include="..\ModuleUi.h">
      <Filter>Modules</Filter>
    </ClInclude>
    <ClInclude Include="..\Enemy_ShipGreen.h">
      <Filter>Modules\Enemies</Filter>
    </ClInclude>
    <ClInclude Include="..\Enemy_GreenTurret.h">
      <Filter>Modules\Enemies</Filter>
    </ClInclude>
    <ClInclude Include="..\ModuleStage2.h">
      <Filter>Modules</Filter>
    </ClInclude>
    <ClInclude Include="..\Enemy_ShipTurret.h">
      <Filter>Modules\Enemies</Filter>
    </ClInclude>
    <ClInclude Include="..\Enemy_WhiteTurret.h">
      <Filter>Modules\Enemies</Filter>
    </ClInclude>
    <ClInclude Include="..\Enemy_VerticalStructure.h">
      <Filter>Modules\Enemies</Filter>
    </ClInclude>
    <ClInclude Include="..\Enemy_TripleTurret.h">
      <Filter>Modules\Enemies</Filter>
    </ClInclude>
    <ClInclude Include="..\ModuleViscoGames.h">
      <Filter>Modules</Filter>
    </ClInclude>
    <ClInclude Include="..\Enemy_Elevator.h">
      <Filter>Modules\Enemies</Filter>
    </ClInclude>
    <ClInclude Include="..\Enemy_MovementLaser.h">
      <Filter>Modules\Enemies</Filter>
    </ClInclude>
    <ClInclude Include="..\Enemy_Ship.h">
      <Filter>Modules\Enemies</Filter>
    </ClInclude>
    <ClInclude Include="..\Enemy_HandShip.h">
      <Filter>Modules\Enemies</Filter>
    </ClInclude>
    <ClInclude Include="..\Enemy_Multicolor.h">
      <Filter>Modules\Enemies</Filter>
    </ClInclude>
    <ClInclude Include="..\Enemy_Small.h">
      <Filter>Modules\Enemies</Filter>
    </ClInclude>
    <ClInclude Include="..\Enemy_WhiteYellow.h">
      <Filter>Modules\Enemies</Filter>
    </ClInclude>
    <ClInclude Include="..\Enemy_Elevator2.h">
      <Filter>Modules\Enemies</Filter>
    </ClInclude>
    <ClInclude Include="..\Enemy_MiniBoss.h">
      <Filter>Modules\Enemies</Filter>
    </ClInclude>
    <ClInclude Include="..\Enemy_SmallGreen.h">
      <Filter>Modules\Enemies</Filter>
    </ClInclude>
    <ClInclude Include="..\Enemy_Laser.h">
      <Filter>Modules\Enemies</Filter>
    </ClInclude>
  </ItemGroup>
  <ItemGroup>
    <ClCompile Include="..\Main.cpp">
      <Filter>Core</Filter>
    </ClCompile>
    <ClCompile Include="..\Globals.cpp">
      <Filter>Core</Filter>
    </ClCompile>
    <ClCompile Include="..\Application.cpp">
      <Filter>Core</Filter>
    </ClCompile>
    <ClCompile Include="..\Enemy.cpp">
      <Filter>Modules\Enemies</Filter>
    </ClCompile>
    <ClCompile Include="..\Enemy_ShipUpDown.cpp">
      <Filter>Modules\Enemies</Filter>
    </ClCompile>
    <ClCompile Include="..\Enemy_WhiteShip.cpp">
      <Filter>Modules\Enemies</Filter>
    </ClCompile>
    <ClCompile Include="..\ModuleAudio.cpp">
      <Filter>Modules</Filter>
    </ClCompile>
    <ClCompile Include="..\ModuleCollision.cpp">
      <Filter>Modules</Filter>
    </ClCompile>
    <ClCompile Include="..\ModuleEnemies.cpp">
      <Filter>Modules</Filter>
    </ClCompile>
    <ClCompile Include="..\ModuleFadeToBlack.cpp">
      <Filter>Modules</Filter>
    </ClCompile>
    <ClCompile Include="..\ModuleFonts.cpp">
      <Filter>Modules</Filter>
    </ClCompile>
    <ClCompile Include="..\ModuleInput.cpp">
      <Filter>Modules</Filter>
    </ClCompile>
    <ClCompile Include="..\ModuleParticles.cpp">
      <Filter>Modules</Filter>
    </ClCompile>
    <ClCompile Include="..\ModuleRender.cpp">
      <Filter>Modules</Filter>
    </ClCompile>
    <ClCompile Include="..\ModuleSceneIntro.cpp">
      <Filter>Modules</Filter>
    </ClCompile>
    <ClCompile Include="..\ModuleSceneSpace.cpp">
      <Filter>Modules</Filter>
    </ClCompile>
    <ClCompile Include="..\ModuleTextures.cpp">
      <Filter>Modules</Filter>
    </ClCompile>
    <ClCompile Include="..\ModuleWindow.cpp">
      <Filter>Modules</Filter>
    </ClCompile>
    <ClCompile Include="..\ModulePowerUps.cpp">
      <Filter>Modules</Filter>
    </ClCompile>
    <ClCompile Include="..\PowerUp.cpp">
      <Filter>Modules\PowerUps</Filter>
    </ClCompile>
    <ClCompile Include="..\ShipPowerUp.cpp">
      <Filter>Modules\PowerUps</Filter>
    </ClCompile>
    <ClCompile Include="..\PowerUpRed.cpp">
      <Filter>Modules\PowerUps</Filter>
    </ClCompile>
    <ClCompile Include="..\ModulePlayer.cpp">
      <Filter>Modules\Players</Filter>
    </ClCompile>
    <ClCompile Include="..\ModulePlayer2.cpp">
      <Filter>Modules\Players</Filter>
    </ClCompile>
    <ClCompile Include="..\Gameover.cpp">
      <Filter>Modules\AfterplayScreen</Filter>
    </ClCompile>
    <ClCompile Include="..\Stageclear.cpp">
      <Filter>Modules\AfterplayScreen</Filter>
    </ClCompile>
    <ClCompile Include="..\Enemy_StraightOnShip.cpp">
      <Filter>Modules\Enemies</Filter>
    </ClCompile>
    <ClCompile Include="..\ModuleUi.cpp">
      <Filter>Modules</Filter>
    </ClCompile>
    <ClCompile Include="..\Enemy_ShipGreen.cpp">
      <Filter>Modules\Enemies</Filter>
    </ClCompile>
    <ClCompile Include="..\Enemy_GreenTurret.cpp">
      <Filter>Modules\Enemies</Filter>
    </ClCompile>
    <ClCompile Include="..\ModuleStage2.cpp">
      <Filter>Modules</Filter>
    </ClCompile>
    <ClCompile Include="..\Enemy_ShipTurret.cpp">
      <Filter>Modules\Enemies</Filter>
    </ClCompile>
    <ClCompile Include="..\Enemy_WhiteTurret.cpp">
      <Filter>Modules\Enemies</Filter>
    </ClCompile>
    <ClCompile Include="..\Enemy_VerticalStructure.cpp">
      <Filter>Modules\Enemies</Filter>
    </ClCompile>
    <ClCompile Include="..\Enemy_TripleTurret.cpp">
      <Filter>Modules\Enemies</Filter>
    </ClCompile>
    <ClCompile Include="..\ModuleViscoGames.cpp">
      <Filter>Modules</Filter>
    </ClCompile>
    <ClCompile Include="..\Enemy_Elevator.cpp">
      <Filter>Modules\Enemies</Filter>
    </ClCompile>
    <ClCompile Include="..\Enemy_MovementLaser.cpp">
      <Filter>Modules\Enemies</Filter>
    </ClCompile>
    <ClCompile Include="..\Enemy_Ship.cpp">
      <Filter>Modules\Enemies</Filter>
    </ClCompile>
    <ClCompile Include="..\Enemy_HandShip.cpp">
      <Filter>Modules\Enemies</Filter>
    </ClCompile>
    <ClCompile Include="..\Enemy_Multicolor.cpp">
      <Filter>Modules\Enemies</Filter>
    </ClCompile>
    <ClCompile Include="..\Enemy_Small.cpp">
      <Filter>Modules\Enemies</Filter>
    </ClCompile>
    <ClCompile Include="..\Enemy_WhiteYellow.cpp">
      <Filter>Modules\Enemies</Filter>
    </ClCompile>
    <ClCompile Include="..\Enemy_Elevator2..cpp">
      <Filter>Modules\Enemies</Filter>
    </ClCompile>
    <ClCompile Include="..\Enemy_MiniBoss.cpp">
      <Filter>Modules\Enemies</Filter>
    </ClCompile>
    <ClCompile Include="..\Enemy_SmallGreen.cpp">
      <Filter>Modules\Enemies</Filter>
    </ClCompile>
    <ClCompile Include="..\Enemy_Laser.cpp">
      <Filter>Modules\Enemies</Filter>
    </ClCompile>
  </ItemGroup>
</Project>