<?xml version="1.0" encoding="utf-8"?>
<Project ToolsVersion="4.0" xmlns="http://schemas.microsoft.com/developer/msbuild/2003">
  <ItemGroup>
    <Filter Include="Containers">
      <UniqueIdentifier>{18e7ab90-2284-47be-8255-835cb4e60810}</UniqueIdentifier>
    </Filter>
    <Filter Include="Core">
      <UniqueIdentifier>{84909912-cbf4-4163-a0d9-d297b0fc2a20}</UniqueIdentifier>
    </Filter>
    <Filter Include="Modules">
      <UniqueIdentifier>{5a19c87f-5d99-4e24-a6ee-5bf3937411c7}</UniqueIdentifier>
    </Filter>
    <Filter Include="Modules\Enemies">
      <UniqueIdentifier>{b438482e-dbf0-4bb4-939e-ae7bd92d09d3}</UniqueIdentifier>
    </Filter>
  </ItemGroup>
  <ItemGroup>
    <ClCompile Include="..\Main.cpp">
      <Filter>Core</Filter>
    </ClCompile>
    <ClCompile Include="..\Application.cpp">
      <Filter>Core</Filter>
    </ClCompile>
    <ClCompile Include="..\Globals.cpp">
      <Filter>Core</Filter>
    </ClCompile>
    <ClCompile Include="..\ModuleCollision.cpp">
      <Filter>Modules</Filter>
    </ClCompile>
    <ClCompile Include="..\ModuleFadeToBlack.cpp">
      <Filter>Modules</Filter>
    </ClCompile>
    <ClCompile Include="..\ModuleInput.cpp">
      <Filter>Modules</Filter>
    </ClCompile>
    <ClCompile Include="..\ModuleParticle.cpp">
      <Filter>Modules</Filter>
    </ClCompile>
    <ClCompile Include="..\ModulePlayer.cpp">
      <Filter>Modules</Filter>
    </ClCompile>
    <ClCompile Include="..\ModuleRender.cpp">
      <Filter>Modules</Filter>
    </ClCompile>
    <ClCompile Include="..\ModuleSceneIntro.cpp">
      <Filter>Modules</Filter>
    </ClCompile>
    <ClCompile Include="..\ModuleSceneSpace.cpp">
      <Filter>Modules</Filter>
    </ClCompile>
    <ClCompile Include="..\ModuleTextures.cpp">
      <Filter>Modules</Filter>
    </ClCompile>
    <ClCompile Include="..\ModuleWindow.cpp">
      <Filter>Modules</Filter>
    </ClCompile>
    <ClCompile Include="..\ModuleAudio.cpp">
      <Filter>Modules</Filter>
    </ClCompile>
    <ClCompile Include="..\Enemy.cpp">
      <Filter>Modules\Enemies</Filter>
    </ClCompile>
    <ClCompile Include="..\ModuleEnemies.cpp">
      <Filter>Modules</Filter>
    </ClCompile>
    <ClCompile Include="..\ModulePlayer2.cpp">
      <Filter>Modules</Filter>
    </ClCompile>
    <ClCompile Include="..\Enemy_WhiteShip.cpp">
      <Filter>Modules\Enemies</Filter>
    </ClCompile>
  </ItemGroup>
  <ItemGroup>
    <ClInclude Include="..\Animation.h">
      <Filter>Containers</Filter>
    </ClInclude>
    <ClInclude Include="..\p2Point.h">
      <Filter>Containers</Filter>
    </ClInclude>
    <ClInclude Include="..\Application.h">
      <Filter>Core</Filter>
    </ClInclude>
    <ClInclude Include="..\Globals.h">
      <Filter>Core</Filter>
    </ClInclude>
    <ClInclude Include="..\MemLeaks.h">
      <Filter>Core</Filter>
    </ClInclude>
    <ClInclude Include="..\Module.h">
      <Filter>Modules</Filter>
    </ClInclude>
    <ClInclude Include="..\ModuleCollision.h">
      <Filter>Modules</Filter>
    </ClInclude>
    <ClInclude Include="..\ModuleFadeToBlack.h">
      <Filter>Modules</Filter>
    </ClInclude>
    <ClInclude Include="..\ModuleInput.h">
      <Filter>Modules</Filter>
    </ClInclude>
    <ClInclude Include="..\ModuleParticles.h">
      <Filter>Modules</Filter>
    </ClInclude>
    <ClInclude Include="..\ModulePlayer.h">
      <Filter>Modules</Filter>
    </ClInclude>
    <ClInclude Include="..\ModuleRender.h">
      <Filter>Modules</Filter>
    </ClInclude>
    <ClInclude Include="..\ModuleSceneIntro.h">
      <Filter>Modules</Filter>
    </ClInclude>
    <ClInclude Include="..\ModuleSceneSpace.h">
      <Filter>Modules</Filter>
    </ClInclude>
    <ClInclude Include="..\ModuleTextures.h">
      <Filter>Modules</Filter>
    </ClInclude>
    <ClInclude Include="..\ModuleWindow.h">
      <Filter>Modules</Filter>
    </ClInclude>
    <ClInclude Include="..\ModuleAudio.h">
      <Filter>Modules</Filter>
    </ClInclude>
    <ClInclude Include="..\Path.h">
      <Filter>Containers</Filter>
    </ClInclude>
    <ClInclude Include="..\Enemy.h">
      <Filter>Modules\Enemies</Filter>
    </ClInclude>
    <ClInclude Include="..\ModuleEnemies.h">
      <Filter>Modules</Filter>
    </ClInclude>
    <ClInclude Include="..\Enemy_WhiteShip.h">
      <Filter>Modules\Enemies</Filter>
    </ClInclude>
    <ClInclude Include="..\ModulePlayer2.h">
      <Filter>Modules</Filter>
    </ClInclude>
  </ItemGroup>
</Project>